
Microsoft Visual Studio Solution File, Format Version 12.00
# Visual Studio Version 16
VisualStudioVersion = 16.0.30709.132
MinimumVisualStudioVersion = 10.0.40219.1
Project("{9A19103F-16F7-4668-BE54-9A1E7A4F7556}") = "LeastRecentlyUsedCache", "LeastRecentlyUsedCache\LeastRecentlyUsedCache.csproj", "{55EF1CEE-6EF1-4057-B58B-CCF294B91053}"
EndProject
Project("{9A19103F-16F7-4668-BE54-9A1E7A4F7556}") = "Number-of-Operations-to-Make-Network-Connected", "Number-of-Operations-to-Make-Network-Connected\Number-of-Operations-to-Make-Network-Connected.csproj", "{8E710C9B-5C6D-43B6-ADA8-358D5E3799D4}"
EndProject
Project("{9A19103F-16F7-4668-BE54-9A1E7A4F7556}") = "RichestCustomerWealth", "RichestCustomerWealth\RichestCustomerWealth.csproj", "{511A2187-62B1-4B07-A119-B0C42C94995A}"
EndProject
Project("{9A19103F-16F7-4668-BE54-9A1E7A4F7556}") = "RecursionSwapNodesInPairs", "RecursionSwapNodesInPairs\RecursionSwapNodesInPairs.csproj", "{3D3CFE5A-EFF9-4812-BD5C-6C3872AF8CBF}"
EndProject
Project("{9A19103F-16F7-4668-BE54-9A1E7A4F7556}") = "FindAllNumbersDisappearedInArray", "FindAllNumbersDisappearedInArray\FindAllNumbersDisappearedInArray.csproj", "{7A813322-F7E2-4445-A04C-243D212821FF}"
EndProject
Project("{9A19103F-16F7-4668-BE54-9A1E7A4F7556}") = "Implement-Queue-using-Stacks", "Implement-Queue-using-Stacks\Implement-Queue-using-Stacks.csproj", "{F4057707-6FB0-4604-9817-98A9A782F7AA}"
EndProject
Project("{FAE04EC0-301F-11D3-BF4B-00C04F79EFBC}") = "TwoSum", "TwoSum\TwoSum.csproj", "{E7DC313C-6EC1-4A3C-BE3C-F9FD1CBBB00C}"
EndProject
Global
	GlobalSection(SolutionConfigurationPlatforms) = preSolution
		Debug|Any CPU = Debug|Any CPU
		Release|Any CPU = Release|Any CPU
	EndGlobalSection
	GlobalSection(ProjectConfigurationPlatforms) = postSolution
		{55EF1CEE-6EF1-4057-B58B-CCF294B91053}.Debug|Any CPU.ActiveCfg = Debug|Any CPU
		{55EF1CEE-6EF1-4057-B58B-CCF294B91053}.Debug|Any CPU.Build.0 = Debug|Any CPU
		{55EF1CEE-6EF1-4057-B58B-CCF294B91053}.Release|Any CPU.ActiveCfg = Release|Any CPU
		{55EF1CEE-6EF1-4057-B58B-CCF294B91053}.Release|Any CPU.Build.0 = Release|Any CPU
		{8E710C9B-5C6D-43B6-ADA8-358D5E3799D4}.Debug|Any CPU.ActiveCfg = Debug|Any CPU
		{8E710C9B-5C6D-43B6-ADA8-358D5E3799D4}.Debug|Any CPU.Build.0 = Debug|Any CPU
		{8E710C9B-5C6D-43B6-ADA8-358D5E3799D4}.Release|Any CPU.ActiveCfg = Release|Any CPU
		{8E710C9B-5C6D-43B6-ADA8-358D5E3799D4}.Release|Any CPU.Build.0 = Release|Any CPU
		{511A2187-62B1-4B07-A119-B0C42C94995A}.Debug|Any CPU.ActiveCfg = Debug|Any CPU
		{511A2187-62B1-4B07-A119-B0C42C94995A}.Debug|Any CPU.Build.0 = Debug|Any CPU
		{511A2187-62B1-4B07-A119-B0C42C94995A}.Release|Any CPU.ActiveCfg = Release|Any CPU
		{511A2187-62B1-4B07-A119-B0C42C94995A}.Release|Any CPU.Build.0 = Release|Any CPU
		{3D3CFE5A-EFF9-4812-BD5C-6C3872AF8CBF}.Debug|Any CPU.ActiveCfg = Debug|Any CPU
		{3D3CFE5A-EFF9-4812-BD5C-6C3872AF8CBF}.Debug|Any CPU.Build.0 = Debug|Any CPU
		{3D3CFE5A-EFF9-4812-BD5C-6C3872AF8CBF}.Release|Any CPU.ActiveCfg = Release|Any CPU
		{3D3CFE5A-EFF9-4812-BD5C-6C3872AF8CBF}.Release|Any CPU.Build.0 = Release|Any CPU
		{7A813322-F7E2-4445-A04C-243D212821FF}.Debug|Any CPU.ActiveCfg = Debug|Any CPU
		{7A813322-F7E2-4445-A04C-243D212821FF}.Debug|Any CPU.Build.0 = Debug|Any CPU
		{7A813322-F7E2-4445-A04C-243D212821FF}.Release|Any CPU.ActiveCfg = Release|Any CPU
		{7A813322-F7E2-4445-A04C-243D212821FF}.Release|Any CPU.Build.0 = Release|Any CPU
		{F4057707-6FB0-4604-9817-98A9A782F7AA}.Debug|Any CPU.ActiveCfg = Debug|Any CPU
		{F4057707-6FB0-4604-9817-98A9A782F7AA}.Debug|Any CPU.Build.0 = Debug|Any CPU
		{F4057707-6FB0-4604-9817-98A9A782F7AA}.Release|Any CPU.ActiveCfg = Release|Any CPU
		{F4057707-6FB0-4604-9817-98A9A782F7AA}.Release|Any CPU.Build.0 = Release|Any CPU
		{E7DC313C-6EC1-4A3C-BE3C-F9FD1CBBB00C}.Debug|Any CPU.ActiveCfg = Debug|Any CPU
		{E7DC313C-6EC1-4A3C-BE3C-F9FD1CBBB00C}.Debug|Any CPU.Build.0 = Debug|Any CPU
		{E7DC313C-6EC1-4A3C-BE3C-F9FD1CBBB00C}.Release|Any CPU.ActiveCfg = Release|Any CPU
		{E7DC313C-6EC1-4A3C-BE3C-F9FD1CBBB00C}.Release|Any CPU.Build.0 = Release|Any CPU
	EndGlobalSection
	GlobalSection(SolutionProperties) = preSolution
		HideSolutionNode = FALSE
	EndGlobalSection
	GlobalSection(ExtensibilityGlobals) = postSolution
		SolutionGuid = {53D8CABC-168A-46D2-B394-B8BDCD41DC13}
	EndGlobalSection
EndGlobal
