
Microsoft Visual Studio Solution File, Format Version 12.00
# Visual Studio Version 17
VisualStudioVersion = 17.0.31825.309
MinimumVisualStudioVersion = 10.0.40219.1
Project("{9A19103F-16F7-4668-BE54-9A1E7A4F7556}") = "LeastRecentlyUsedCache", "LeastRecentlyUsedCache\LeastRecentlyUsedCache.csproj", "{55EF1CEE-6EF1-4057-B58B-CCF294B91053}"
EndProject
Project("{9A19103F-16F7-4668-BE54-9A1E7A4F7556}") = "Number-of-Operations-to-Make-Network-Connected", "Number-of-Operations-to-Make-Network-Connected\Number-of-Operations-to-Make-Network-Connected.csproj", "{8E710C9B-5C6D-43B6-ADA8-358D5E3799D4}"
EndProject
Project("{9A19103F-16F7-4668-BE54-9A1E7A4F7556}") = "RichestCustomerWealth", "RichestCustomerWealth\RichestCustomerWealth.csproj", "{511A2187-62B1-4B07-A119-B0C42C94995A}"
EndProject
Project("{9A19103F-16F7-4668-BE54-9A1E7A4F7556}") = "RecursionSwapNodesInPairs", "RecursionSwapNodesInPairs\RecursionSwapNodesInPairs.csproj", "{3D3CFE5A-EFF9-4812-BD5C-6C3872AF8CBF}"
EndProject
Project("{9A19103F-16F7-4668-BE54-9A1E7A4F7556}") = "FindAllNumbersDisappearedInArray", "FindAllNumbersDisappearedInArray\FindAllNumbersDisappearedInArray.csproj", "{7A813322-F7E2-4445-A04C-243D212821FF}"
EndProject
Project("{9A19103F-16F7-4668-BE54-9A1E7A4F7556}") = "Implement-Queue-using-Stacks", "Implement-Queue-using-Stacks\Implement-Queue-using-Stacks.csproj", "{F4057707-6FB0-4604-9817-98A9A782F7AA}"
EndProject
Project("{9A19103F-16F7-4668-BE54-9A1E7A4F7556}") = "TwoSum", "TwoSum\TwoSum.csproj", "{E7DC313C-6EC1-4A3C-BE3C-F9FD1CBBB00C}"
EndProject
Project("{9A19103F-16F7-4668-BE54-9A1E7A4F7556}") = "Maximum-Points-You-Can-Obtain-from-Cards", "Maximum-Points-You-Can-Obtain-from-Cards\Maximum-Points-You-Can-Obtain-from-Cards.csproj", "{F76D7699-6E8C-45F3-B17F-E7FAF1C63EFD}"
EndProject
Project("{9A19103F-16F7-4668-BE54-9A1E7A4F7556}") = "Longest-Continuous-Subarray-With-Absolute-Diff-Less-Than-or-Equal-to-Limit", "Longest-Continuous-Subarray-With-Absolute-Diff-Less-Than-or-Equal-to-Limit\Longest-Continuous-Subarray-With-Absolute-Diff-Less-Than-or-Equal-to-Limit.csproj", "{90170A54-DAD2-407F-B85F-111A70CABE44}"
EndProject
Project("{9A19103F-16F7-4668-BE54-9A1E7A4F7556}") = "Add-Two-Numbers", "Add-Two-Numbers\Add-Two-Numbers.csproj", "{0B41C9B9-EC7C-400B-AC81-9528C5B66E3C}"
EndProject
Project("{9A19103F-16F7-4668-BE54-9A1E7A4F7556}") = "PlusOne", "PlusOne\PlusOne.csproj", "{B4B43DB5-0445-4128-B412-BB9023E9FA01}"
EndProject
Project("{9A19103F-16F7-4668-BE54-9A1E7A4F7556}") = "LoggerRateLimiter", "LoggerRateLimiter\LoggerRateLimiter.csproj", "{050F84F2-0C0B-4C98-8092-9C8792D134B9}"
EndProject
Project("{9A19103F-16F7-4668-BE54-9A1E7A4F7556}") = "MinimumDifferenceInThreeMoves", "MinimumDifferenceInThreeMoves\MinimumDifferenceInThreeMoves.csproj", "{FA36AEB5-CA8A-411F-93EA-F5193E283DC4}"
EndProject
Project("{9A19103F-16F7-4668-BE54-9A1E7A4F7556}") = "ReversedLinkedList", "ReversedLinkedList\ReversedLinkedList.csproj", "{7B3F993B-B9AD-4213-AF83-64C1A713E6D0}"
EndProject
Project("{9A19103F-16F7-4668-BE54-9A1E7A4F7556}") = "ReversedLinkedList2", "ReversedLinkedList2\ReversedLinkedList2.csproj", "{159C2DBF-BC6E-4BE4-9A46-8B1DB0E042E2}"
EndProject
Project("{9A19103F-16F7-4668-BE54-9A1E7A4F7556}") = "Helpers", "Helpers\Helpers.csproj", "{6D121D7C-9947-460C-A00A-856D9E029066}"
EndProject
Project("{9A19103F-16F7-4668-BE54-9A1E7A4F7556}") = "FindLeavesOfBinaryTree", "FindLeavesOfBinaryTree\FindLeavesOfBinaryTree.csproj", "{419537FE-F9EF-403A-AF75-59F2C9717FA2}"
EndProject
Project("{9A19103F-16F7-4668-BE54-9A1E7A4F7556}") = "ShortestPathInAGridWithObstaclesElimination", "ShortestPathInAGridWithObstaclesElimination\ShortestPathInAGridWithObstaclesElimination.csproj", "{C3763655-EC52-45A9-8529-FD19F0FF98E1}"
EndProject
Project("{9A19103F-16F7-4668-BE54-9A1E7A4F7556}") = "ShortestPathToGetFood", "ShortestPathToGetFood\ShortestPathToGetFood.csproj", "{98EBE396-B225-4263-AB30-83B7F89AA9A0}"
EndProject
Project("{9A19103F-16F7-4668-BE54-9A1E7A4F7556}") = "License-Key-Formatting", "License-Key-Formatting\License-Key-Formatting.csproj", "{06DC1808-F06D-4A31-A58E-89653028CF53}"
EndProject
Project("{9A19103F-16F7-4668-BE54-9A1E7A4F7556}") = "Longest-Absolute-File-Path", "Longest-Absolute-File-Path\Longest-Absolute-File-Path.csproj", "{6465B445-C064-4A0D-8D84-E2B4C772EDF9}"
EndProject
Project("{9A19103F-16F7-4668-BE54-9A1E7A4F7556}") = "Largest-Time-for-Given-Digits", "Largest-Time-for-Given-Digits\Largest-Time-for-Given-Digits.csproj", "{BEAFD0D1-961D-4ACC-87D0-1D75F8A15FC7}"
EndProject
Project("{9A19103F-16F7-4668-BE54-9A1E7A4F7556}") = "First-Missing-Positive", "First-Missing-Positive\First-Missing-Positive.csproj", "{468330A2-91A4-4493-996D-6147912341EC}"
EndProject
Project("{9A19103F-16F7-4668-BE54-9A1E7A4F7556}") = "Integer-to-English-Words", "Integer-to-English-Words\Integer-to-English-Words.csproj", "{E7EEB27D-A9F9-424B-9412-7155B63F93D5}"
EndProject
Project("{9A19103F-16F7-4668-BE54-9A1E7A4F7556}") = "Number-of-Lines-To-Write-String", "Number-of-Lines-To-Write-String\Number-of-Lines-To-Write-String.csproj", "{B709B7B5-5E53-494D-9433-B3887D9D1A99}"
EndProject
Project("{9A19103F-16F7-4668-BE54-9A1E7A4F7556}") = "Longest-Line-of-Consecutive-One-in-Matrix", "Longest-Line-of-Consecutive-One-in-Matrix\Longest-Line-of-Consecutive-One-in-Matrix.csproj", "{8EEBD261-9DD5-4D04-B66D-CD6EA352FE68}"
EndProject
Project("{9A19103F-16F7-4668-BE54-9A1E7A4F7556}") = "Rotate-List", "Rotate-List\Rotate-List.csproj", "{4292DCCF-2128-410C-BD66-DDE90B414C51}"
	ProjectSection(ProjectDependencies) = postProject
		{6D121D7C-9947-460C-A00A-856D9E029066} = {6D121D7C-9947-460C-A00A-856D9E029066}
	EndProjectSection
EndProject
Project("{9A19103F-16F7-4668-BE54-9A1E7A4F7556}") = "Permutations", "Permutations\Permutations.csproj", "{5534098F-B42B-4D62-85E1-AF0AA8370B2A}"
EndProject
Project("{9A19103F-16F7-4668-BE54-9A1E7A4F7556}") = "Combinations", "Combinations\Combinations.csproj", "{8F948738-E9B2-410F-BFD3-71C24A99426F}"
EndProject
Project("{FAE04EC0-301F-11D3-BF4B-00C04F79EFBC}") = "Permutations-II", "Permutations-II\Permutations-II.csproj", "{3424F0B1-EC4D-4FAF-857C-83AA6814580A}"
EndProject
Global
	GlobalSection(SolutionConfigurationPlatforms) = preSolution
		Debug|Any CPU = Debug|Any CPU
		Release|Any CPU = Release|Any CPU
	EndGlobalSection
	GlobalSection(ProjectConfigurationPlatforms) = postSolution
		{55EF1CEE-6EF1-4057-B58B-CCF294B91053}.Debug|Any CPU.ActiveCfg = Debug|Any CPU
		{55EF1CEE-6EF1-4057-B58B-CCF294B91053}.Debug|Any CPU.Build.0 = Debug|Any CPU
		{55EF1CEE-6EF1-4057-B58B-CCF294B91053}.Release|Any CPU.ActiveCfg = Release|Any CPU
		{55EF1CEE-6EF1-4057-B58B-CCF294B91053}.Release|Any CPU.Build.0 = Release|Any CPU
		{8E710C9B-5C6D-43B6-ADA8-358D5E3799D4}.Debug|Any CPU.ActiveCfg = Debug|Any CPU
		{8E710C9B-5C6D-43B6-ADA8-358D5E3799D4}.Debug|Any CPU.Build.0 = Debug|Any CPU
		{8E710C9B-5C6D-43B6-ADA8-358D5E3799D4}.Release|Any CPU.ActiveCfg = Release|Any CPU
		{8E710C9B-5C6D-43B6-ADA8-358D5E3799D4}.Release|Any CPU.Build.0 = Release|Any CPU
		{511A2187-62B1-4B07-A119-B0C42C94995A}.Debug|Any CPU.ActiveCfg = Debug|Any CPU
		{511A2187-62B1-4B07-A119-B0C42C94995A}.Debug|Any CPU.Build.0 = Debug|Any CPU
		{511A2187-62B1-4B07-A119-B0C42C94995A}.Release|Any CPU.ActiveCfg = Release|Any CPU
		{511A2187-62B1-4B07-A119-B0C42C94995A}.Release|Any CPU.Build.0 = Release|Any CPU
		{3D3CFE5A-EFF9-4812-BD5C-6C3872AF8CBF}.Debug|Any CPU.ActiveCfg = Debug|Any CPU
		{3D3CFE5A-EFF9-4812-BD5C-6C3872AF8CBF}.Debug|Any CPU.Build.0 = Debug|Any CPU
		{3D3CFE5A-EFF9-4812-BD5C-6C3872AF8CBF}.Release|Any CPU.ActiveCfg = Release|Any CPU
		{3D3CFE5A-EFF9-4812-BD5C-6C3872AF8CBF}.Release|Any CPU.Build.0 = Release|Any CPU
		{7A813322-F7E2-4445-A04C-243D212821FF}.Debug|Any CPU.ActiveCfg = Debug|Any CPU
		{7A813322-F7E2-4445-A04C-243D212821FF}.Debug|Any CPU.Build.0 = Debug|Any CPU
		{7A813322-F7E2-4445-A04C-243D212821FF}.Release|Any CPU.ActiveCfg = Release|Any CPU
		{7A813322-F7E2-4445-A04C-243D212821FF}.Release|Any CPU.Build.0 = Release|Any CPU
		{F4057707-6FB0-4604-9817-98A9A782F7AA}.Debug|Any CPU.ActiveCfg = Debug|Any CPU
		{F4057707-6FB0-4604-9817-98A9A782F7AA}.Debug|Any CPU.Build.0 = Debug|Any CPU
		{F4057707-6FB0-4604-9817-98A9A782F7AA}.Release|Any CPU.ActiveCfg = Release|Any CPU
		{F4057707-6FB0-4604-9817-98A9A782F7AA}.Release|Any CPU.Build.0 = Release|Any CPU
		{E7DC313C-6EC1-4A3C-BE3C-F9FD1CBBB00C}.Debug|Any CPU.ActiveCfg = Debug|Any CPU
		{E7DC313C-6EC1-4A3C-BE3C-F9FD1CBBB00C}.Debug|Any CPU.Build.0 = Debug|Any CPU
		{E7DC313C-6EC1-4A3C-BE3C-F9FD1CBBB00C}.Release|Any CPU.ActiveCfg = Release|Any CPU
		{E7DC313C-6EC1-4A3C-BE3C-F9FD1CBBB00C}.Release|Any CPU.Build.0 = Release|Any CPU
		{F76D7699-6E8C-45F3-B17F-E7FAF1C63EFD}.Debug|Any CPU.ActiveCfg = Debug|Any CPU
		{F76D7699-6E8C-45F3-B17F-E7FAF1C63EFD}.Debug|Any CPU.Build.0 = Debug|Any CPU
		{F76D7699-6E8C-45F3-B17F-E7FAF1C63EFD}.Release|Any CPU.ActiveCfg = Release|Any CPU
		{F76D7699-6E8C-45F3-B17F-E7FAF1C63EFD}.Release|Any CPU.Build.0 = Release|Any CPU
		{90170A54-DAD2-407F-B85F-111A70CABE44}.Debug|Any CPU.ActiveCfg = Debug|Any CPU
		{90170A54-DAD2-407F-B85F-111A70CABE44}.Debug|Any CPU.Build.0 = Debug|Any CPU
		{90170A54-DAD2-407F-B85F-111A70CABE44}.Release|Any CPU.ActiveCfg = Release|Any CPU
		{90170A54-DAD2-407F-B85F-111A70CABE44}.Release|Any CPU.Build.0 = Release|Any CPU
		{0B41C9B9-EC7C-400B-AC81-9528C5B66E3C}.Debug|Any CPU.ActiveCfg = Debug|Any CPU
		{0B41C9B9-EC7C-400B-AC81-9528C5B66E3C}.Debug|Any CPU.Build.0 = Debug|Any CPU
		{0B41C9B9-EC7C-400B-AC81-9528C5B66E3C}.Release|Any CPU.ActiveCfg = Release|Any CPU
		{0B41C9B9-EC7C-400B-AC81-9528C5B66E3C}.Release|Any CPU.Build.0 = Release|Any CPU
		{B4B43DB5-0445-4128-B412-BB9023E9FA01}.Debug|Any CPU.ActiveCfg = Debug|Any CPU
		{B4B43DB5-0445-4128-B412-BB9023E9FA01}.Debug|Any CPU.Build.0 = Debug|Any CPU
		{B4B43DB5-0445-4128-B412-BB9023E9FA01}.Release|Any CPU.ActiveCfg = Release|Any CPU
		{B4B43DB5-0445-4128-B412-BB9023E9FA01}.Release|Any CPU.Build.0 = Release|Any CPU
		{050F84F2-0C0B-4C98-8092-9C8792D134B9}.Debug|Any CPU.ActiveCfg = Debug|Any CPU
		{050F84F2-0C0B-4C98-8092-9C8792D134B9}.Debug|Any CPU.Build.0 = Debug|Any CPU
		{050F84F2-0C0B-4C98-8092-9C8792D134B9}.Release|Any CPU.ActiveCfg = Release|Any CPU
		{050F84F2-0C0B-4C98-8092-9C8792D134B9}.Release|Any CPU.Build.0 = Release|Any CPU
		{FA36AEB5-CA8A-411F-93EA-F5193E283DC4}.Debug|Any CPU.ActiveCfg = Debug|Any CPU
		{FA36AEB5-CA8A-411F-93EA-F5193E283DC4}.Debug|Any CPU.Build.0 = Debug|Any CPU
		{FA36AEB5-CA8A-411F-93EA-F5193E283DC4}.Release|Any CPU.ActiveCfg = Release|Any CPU
		{FA36AEB5-CA8A-411F-93EA-F5193E283DC4}.Release|Any CPU.Build.0 = Release|Any CPU
		{7B3F993B-B9AD-4213-AF83-64C1A713E6D0}.Debug|Any CPU.ActiveCfg = Debug|Any CPU
		{7B3F993B-B9AD-4213-AF83-64C1A713E6D0}.Debug|Any CPU.Build.0 = Debug|Any CPU
		{7B3F993B-B9AD-4213-AF83-64C1A713E6D0}.Release|Any CPU.ActiveCfg = Release|Any CPU
		{7B3F993B-B9AD-4213-AF83-64C1A713E6D0}.Release|Any CPU.Build.0 = Release|Any CPU
		{159C2DBF-BC6E-4BE4-9A46-8B1DB0E042E2}.Debug|Any CPU.ActiveCfg = Debug|Any CPU
		{159C2DBF-BC6E-4BE4-9A46-8B1DB0E042E2}.Debug|Any CPU.Build.0 = Debug|Any CPU
		{159C2DBF-BC6E-4BE4-9A46-8B1DB0E042E2}.Release|Any CPU.ActiveCfg = Release|Any CPU
		{159C2DBF-BC6E-4BE4-9A46-8B1DB0E042E2}.Release|Any CPU.Build.0 = Release|Any CPU
		{6D121D7C-9947-460C-A00A-856D9E029066}.Debug|Any CPU.ActiveCfg = Debug|Any CPU
		{6D121D7C-9947-460C-A00A-856D9E029066}.Debug|Any CPU.Build.0 = Debug|Any CPU
		{6D121D7C-9947-460C-A00A-856D9E029066}.Release|Any CPU.ActiveCfg = Release|Any CPU
		{6D121D7C-9947-460C-A00A-856D9E029066}.Release|Any CPU.Build.0 = Release|Any CPU
		{419537FE-F9EF-403A-AF75-59F2C9717FA2}.Debug|Any CPU.ActiveCfg = Debug|Any CPU
		{419537FE-F9EF-403A-AF75-59F2C9717FA2}.Debug|Any CPU.Build.0 = Debug|Any CPU
		{419537FE-F9EF-403A-AF75-59F2C9717FA2}.Release|Any CPU.ActiveCfg = Release|Any CPU
		{419537FE-F9EF-403A-AF75-59F2C9717FA2}.Release|Any CPU.Build.0 = Release|Any CPU
		{C3763655-EC52-45A9-8529-FD19F0FF98E1}.Debug|Any CPU.ActiveCfg = Debug|Any CPU
		{C3763655-EC52-45A9-8529-FD19F0FF98E1}.Debug|Any CPU.Build.0 = Debug|Any CPU
		{C3763655-EC52-45A9-8529-FD19F0FF98E1}.Release|Any CPU.ActiveCfg = Release|Any CPU
		{C3763655-EC52-45A9-8529-FD19F0FF98E1}.Release|Any CPU.Build.0 = Release|Any CPU
		{98EBE396-B225-4263-AB30-83B7F89AA9A0}.Debug|Any CPU.ActiveCfg = Debug|Any CPU
		{98EBE396-B225-4263-AB30-83B7F89AA9A0}.Debug|Any CPU.Build.0 = Debug|Any CPU
		{98EBE396-B225-4263-AB30-83B7F89AA9A0}.Release|Any CPU.ActiveCfg = Release|Any CPU
		{98EBE396-B225-4263-AB30-83B7F89AA9A0}.Release|Any CPU.Build.0 = Release|Any CPU
		{06DC1808-F06D-4A31-A58E-89653028CF53}.Debug|Any CPU.ActiveCfg = Debug|Any CPU
		{06DC1808-F06D-4A31-A58E-89653028CF53}.Debug|Any CPU.Build.0 = Debug|Any CPU
		{06DC1808-F06D-4A31-A58E-89653028CF53}.Release|Any CPU.ActiveCfg = Release|Any CPU
		{06DC1808-F06D-4A31-A58E-89653028CF53}.Release|Any CPU.Build.0 = Release|Any CPU
		{6465B445-C064-4A0D-8D84-E2B4C772EDF9}.Debug|Any CPU.ActiveCfg = Debug|Any CPU
		{6465B445-C064-4A0D-8D84-E2B4C772EDF9}.Debug|Any CPU.Build.0 = Debug|Any CPU
		{6465B445-C064-4A0D-8D84-E2B4C772EDF9}.Release|Any CPU.ActiveCfg = Release|Any CPU
		{6465B445-C064-4A0D-8D84-E2B4C772EDF9}.Release|Any CPU.Build.0 = Release|Any CPU
		{BEAFD0D1-961D-4ACC-87D0-1D75F8A15FC7}.Debug|Any CPU.ActiveCfg = Debug|Any CPU
		{BEAFD0D1-961D-4ACC-87D0-1D75F8A15FC7}.Debug|Any CPU.Build.0 = Debug|Any CPU
		{BEAFD0D1-961D-4ACC-87D0-1D75F8A15FC7}.Release|Any CPU.ActiveCfg = Release|Any CPU
		{BEAFD0D1-961D-4ACC-87D0-1D75F8A15FC7}.Release|Any CPU.Build.0 = Release|Any CPU
		{468330A2-91A4-4493-996D-6147912341EC}.Debug|Any CPU.ActiveCfg = Debug|Any CPU
		{468330A2-91A4-4493-996D-6147912341EC}.Debug|Any CPU.Build.0 = Debug|Any CPU
		{468330A2-91A4-4493-996D-6147912341EC}.Release|Any CPU.ActiveCfg = Release|Any CPU
		{468330A2-91A4-4493-996D-6147912341EC}.Release|Any CPU.Build.0 = Release|Any CPU
		{E7EEB27D-A9F9-424B-9412-7155B63F93D5}.Debug|Any CPU.ActiveCfg = Debug|Any CPU
		{E7EEB27D-A9F9-424B-9412-7155B63F93D5}.Debug|Any CPU.Build.0 = Debug|Any CPU
		{E7EEB27D-A9F9-424B-9412-7155B63F93D5}.Release|Any CPU.ActiveCfg = Release|Any CPU
		{E7EEB27D-A9F9-424B-9412-7155B63F93D5}.Release|Any CPU.Build.0 = Release|Any CPU
		{B709B7B5-5E53-494D-9433-B3887D9D1A99}.Debug|Any CPU.ActiveCfg = Debug|Any CPU
		{B709B7B5-5E53-494D-9433-B3887D9D1A99}.Debug|Any CPU.Build.0 = Debug|Any CPU
		{B709B7B5-5E53-494D-9433-B3887D9D1A99}.Release|Any CPU.ActiveCfg = Release|Any CPU
		{B709B7B5-5E53-494D-9433-B3887D9D1A99}.Release|Any CPU.Build.0 = Release|Any CPU
		{8EEBD261-9DD5-4D04-B66D-CD6EA352FE68}.Debug|Any CPU.ActiveCfg = Debug|Any CPU
		{8EEBD261-9DD5-4D04-B66D-CD6EA352FE68}.Debug|Any CPU.Build.0 = Debug|Any CPU
		{8EEBD261-9DD5-4D04-B66D-CD6EA352FE68}.Release|Any CPU.ActiveCfg = Release|Any CPU
		{8EEBD261-9DD5-4D04-B66D-CD6EA352FE68}.Release|Any CPU.Build.0 = Release|Any CPU
		{4292DCCF-2128-410C-BD66-DDE90B414C51}.Debug|Any CPU.ActiveCfg = Debug|Any CPU
		{4292DCCF-2128-410C-BD66-DDE90B414C51}.Debug|Any CPU.Build.0 = Debug|Any CPU
		{4292DCCF-2128-410C-BD66-DDE90B414C51}.Release|Any CPU.ActiveCfg = Release|Any CPU
		{4292DCCF-2128-410C-BD66-DDE90B414C51}.Release|Any CPU.Build.0 = Release|Any CPU
		{5534098F-B42B-4D62-85E1-AF0AA8370B2A}.Debug|Any CPU.ActiveCfg = Debug|Any CPU
		{5534098F-B42B-4D62-85E1-AF0AA8370B2A}.Debug|Any CPU.Build.0 = Debug|Any CPU
		{5534098F-B42B-4D62-85E1-AF0AA8370B2A}.Release|Any CPU.ActiveCfg = Release|Any CPU
		{5534098F-B42B-4D62-85E1-AF0AA8370B2A}.Release|Any CPU.Build.0 = Release|Any CPU
		{8F948738-E9B2-410F-BFD3-71C24A99426F}.Debug|Any CPU.ActiveCfg = Debug|Any CPU
		{8F948738-E9B2-410F-BFD3-71C24A99426F}.Debug|Any CPU.Build.0 = Debug|Any CPU
		{8F948738-E9B2-410F-BFD3-71C24A99426F}.Release|Any CPU.ActiveCfg = Release|Any CPU
		{8F948738-E9B2-410F-BFD3-71C24A99426F}.Release|Any CPU.Build.0 = Release|Any CPU
		{3424F0B1-EC4D-4FAF-857C-83AA6814580A}.Debug|Any CPU.ActiveCfg = Debug|Any CPU
		{3424F0B1-EC4D-4FAF-857C-83AA6814580A}.Debug|Any CPU.Build.0 = Debug|Any CPU
		{3424F0B1-EC4D-4FAF-857C-83AA6814580A}.Release|Any CPU.ActiveCfg = Release|Any CPU
		{3424F0B1-EC4D-4FAF-857C-83AA6814580A}.Release|Any CPU.Build.0 = Release|Any CPU
	EndGlobalSection
	GlobalSection(SolutionProperties) = preSolution
		HideSolutionNode = FALSE
	EndGlobalSection
	GlobalSection(ExtensibilityGlobals) = postSolution
		SolutionGuid = {53D8CABC-168A-46D2-B394-B8BDCD41DC13}
	EndGlobalSection
EndGlobal
